
Microsoft Visual Studio Solution File, Format Version 12.00
# Visual Studio Version 16
VisualStudioVersion = 16.0.30804.86
MinimumVisualStudioVersion = 10.0.40219.1
Project("{FAE04EC0-301F-11D3-BF4B-00C04F79EFBC}") = "ExtensionMethodsDemo", "ExtensionMethodsDemo.csproj", "{5AB77480-2F34-4A44-949A-DA1D7B9475B0}"
EndProject
Global
	GlobalSection(SolutionConfigurationPlatforms) = preSolution
		Debug|Any CPU = Debug|Any CPU
		Release|Any CPU = Release|Any CPU
	EndGlobalSection
	GlobalSection(ProjectConfigurationPlatforms) = postSolution
		{5AB77480-2F34-4A44-949A-DA1D7B9475B0}.Debug|Any CPU.ActiveCfg = Debug|Any CPU
		{5AB77480-2F34-4A44-949A-DA1D7B9475B0}.Debug|Any CPU.Build.0 = Debug|Any CPU
		{5AB77480-2F34-4A44-949A-DA1D7B9475B0}.Release|Any CPU.ActiveCfg = Release|Any CPU
		{5AB77480-2F34-4A44-949A-DA1D7B9475B0}.Release|Any CPU.Build.0 = Release|Any CPU
	EndGlobalSection
	GlobalSection(SolutionProperties) = preSolution
		HideSolutionNode = FALSE
	EndGlobalSection
	GlobalSection(ExtensibilityGlobals) = postSolution
		SolutionGuid = {8CEE2CC8-3A52-41EB-A6FF-8D18848A1B8F}
	EndGlobalSection
EndGlobal
